// !$*UTF8*$!
{
	archiveVersion = 1;
	classes = {
	};
	objectVersion = 46;
	objects = {

/* Begin PBXBuildFile section */
		B014724A1E56947800886A84 /* DYRouter.h in Headers */ = {isa = PBXBuildFile; fileRef = B01472481E56947800886A84 /* DYRouter.h */; };
		B014724B1E56947800886A84 /* DYRouter.m in Sources */ = {isa = PBXBuildFile; fileRef = B01472491E56947800886A84 /* DYRouter.m */; };
		B014724E1E56965A00886A84 /* DYRouterCondition.h in Headers */ = {isa = PBXBuildFile; fileRef = B014724C1E56965A00886A84 /* DYRouterCondition.h */; };
		B014724F1E56965A00886A84 /* DYRouterCondition.m in Sources */ = {isa = PBXBuildFile; fileRef = B014724D1E56965A00886A84 /* DYRouterCondition.m */; };
		B01472521E56BD9300886A84 /* UIViewController+Router.h in Headers */ = {isa = PBXBuildFile; fileRef = B01472501E56BD9300886A84 /* UIViewController+Router.h */; };
		B01472531E56BD9300886A84 /* UIViewController+Router.m in Sources */ = {isa = PBXBuildFile; fileRef = B01472511E56BD9300886A84 /* UIViewController+Router.m */; };
		B02739091E6E98AF00D572BD /* DYCacheManager.h in Headers */ = {isa = PBXBuildFile; fileRef = B02739071E6E98AF00D572BD /* DYCacheManager.h */; };
		B027390A1E6E98AF00D572BD /* DYCacheManager.m in Sources */ = {isa = PBXBuildFile; fileRef = B02739081E6E98AF00D572BD /* DYCacheManager.m */; };
		B047E33B1E6CF7D8003C9A09 /* DYHTTPManager.h in Headers */ = {isa = PBXBuildFile; fileRef = B047E3391E6CF7D8003C9A09 /* DYHTTPManager.h */; };
		B047E33C1E6CF7D8003C9A09 /* DYHTTPManager.m in Sources */ = {isa = PBXBuildFile; fileRef = B047E33A1E6CF7D8003C9A09 /* DYHTTPManager.m */; };
		B047E3431E6CF811003C9A09 /* DYHTTPRequest.h in Headers */ = {isa = PBXBuildFile; fileRef = B047E3411E6CF811003C9A09 /* DYHTTPRequest.h */; };
		B047E3441E6CF811003C9A09 /* DYHTTPRequest.m in Sources */ = {isa = PBXBuildFile; fileRef = B047E3421E6CF811003C9A09 /* DYHTTPRequest.m */; };
		B047E3471E6CF823003C9A09 /* DYHTTPResponse.h in Headers */ = {isa = PBXBuildFile; fileRef = B047E3451E6CF823003C9A09 /* DYHTTPResponse.h */; };
		B047E3481E6CF823003C9A09 /* DYHTTPResponse.m in Sources */ = {isa = PBXBuildFile; fileRef = B047E3461E6CF823003C9A09 /* DYHTTPResponse.m */; };
		B047E34B1E6CF839003C9A09 /* DYHTTPError.h in Headers */ = {isa = PBXBuildFile; fileRef = B047E3491E6CF839003C9A09 /* DYHTTPError.h */; };
		B047E34C1E6CF839003C9A09 /* DYHTTPError.m in Sources */ = {isa = PBXBuildFile; fileRef = B047E34A1E6CF839003C9A09 /* DYHTTPError.m */; };
		B047E34F1E6CF864003C9A09 /* DYHeartBeat.h in Headers */ = {isa = PBXBuildFile; fileRef = B047E34D1E6CF864003C9A09 /* DYHeartBeat.h */; };
		B047E3501E6CF864003C9A09 /* DYHeartBeat.m in Sources */ = {isa = PBXBuildFile; fileRef = B047E34E1E6CF864003C9A09 /* DYHeartBeat.m */; };
		B047E3531E6CF87C003C9A09 /* DYSocketManager.h in Headers */ = {isa = PBXBuildFile; fileRef = B047E3511E6CF87C003C9A09 /* DYSocketManager.h */; };
		B047E3541E6CF87C003C9A09 /* DYSocketManager.m in Sources */ = {isa = PBXBuildFile; fileRef = B047E3521E6CF87C003C9A09 /* DYSocketManager.m */; };
		B047E3571E6CF8A2003C9A09 /* DYBackgroundTask.h in Headers */ = {isa = PBXBuildFile; fileRef = B047E3551E6CF8A2003C9A09 /* DYBackgroundTask.h */; };
		B047E3581E6CF8A2003C9A09 /* DYBackgroundTask.m in Sources */ = {isa = PBXBuildFile; fileRef = B047E3561E6CF8A2003C9A09 /* DYBackgroundTask.m */; };
		B0CCA4031E6D322300150E7D /* DYBaseAlert.h in Headers */ = {isa = PBXBuildFile; fileRef = B0CCA4011E6D322300150E7D /* DYBaseAlert.h */; };
		B0CCA4041E6D322300150E7D /* DYBaseAlert.m in Sources */ = {isa = PBXBuildFile; fileRef = B0CCA4021E6D322300150E7D /* DYBaseAlert.m */; };
		B0CCA4071E6D36B000150E7D /* DYBaseDialog.h in Headers */ = {isa = PBXBuildFile; fileRef = B0CCA4051E6D36B000150E7D /* DYBaseDialog.h */; };
		B0CCA4081E6D36B000150E7D /* DYBaseDialog.m in Sources */ = {isa = PBXBuildFile; fileRef = B0CCA4061E6D36B000150E7D /* DYBaseDialog.m */; };
		B0E90A651E556B64003BD157 /* BookwormFramework.h in Headers */ = {isa = PBXBuildFile; fileRef = B0E90A631E556B64003BD157 /* BookwormFramework.h */; settings = {ATTRIBUTES = (Public, ); }; };
		B0E90A911E558B8E003BD157 /* YGPatchManager.h in Headers */ = {isa = PBXBuildFile; fileRef = B0E90A8F1E558B8E003BD157 /* YGPatchManager.h */; };
		B0E90A921E558B8E003BD157 /* YGPatchManager.m in Sources */ = {isa = PBXBuildFile; fileRef = B0E90A901E558B8E003BD157 /* YGPatchManager.m */; };
		B0E90A951E558CB7003BD157 /* YGBaseVC.h in Headers */ = {isa = PBXBuildFile; fileRef = B0E90A931E558CB7003BD157 /* YGBaseVC.h */; };
		B0E90A961E558CB7003BD157 /* YGBaseVC.m in Sources */ = {isa = PBXBuildFile; fileRef = B0E90A941E558CB7003BD157 /* YGBaseVC.m */; };
		B0E90A991E558CD6003BD157 /* YGBaseNaVC.h in Headers */ = {isa = PBXBuildFile; fileRef = B0E90A971E558CD6003BD157 /* YGBaseNaVC.h */; };
		B0E90A9A1E558CD6003BD157 /* YGBaseNaVC.m in Sources */ = {isa = PBXBuildFile; fileRef = B0E90A981E558CD6003BD157 /* YGBaseNaVC.m */; };
		BBDB15957D045E4EBB108994 /* libPods-BookwormFramework.a in Frameworks */ = {isa = PBXBuildFile; fileRef = 7B43CEF6646B97554EECA154 /* libPods-BookwormFramework.a */; };
/* End PBXBuildFile section */

/* Begin PBXFileReference section */
		7B43CEF6646B97554EECA154 /* libPods-BookwormFramework.a */ = {isa = PBXFileReference; explicitFileType = archive.ar; includeInIndex = 0; path = "libPods-BookwormFramework.a"; sourceTree = BUILT_PRODUCTS_DIR; };
		A79BF8D8185185C5EE6FEA3D /* Pods-BookwormFramework.release.xcconfig */ = {isa = PBXFileReference; includeInIndex = 1; lastKnownFileType = text.xcconfig; name = "Pods-BookwormFramework.release.xcconfig"; path = "../Pods/Target Support Files/Pods-BookwormFramework/Pods-BookwormFramework.release.xcconfig"; sourceTree = "<group>"; };
		B01472481E56947800886A84 /* DYRouter.h */ = {isa = PBXFileReference; fileEncoding = 4; lastKnownFileType = sourcecode.c.h; path = DYRouter.h; sourceTree = "<group>"; };
		B01472491E56947800886A84 /* DYRouter.m */ = {isa = PBXFileReference; fileEncoding = 4; lastKnownFileType = sourcecode.c.objc; path = DYRouter.m; sourceTree = "<group>"; };
		B014724C1E56965A00886A84 /* DYRouterCondition.h */ = {isa = PBXFileReference; fileEncoding = 4; lastKnownFileType = sourcecode.c.h; path = DYRouterCondition.h; sourceTree = "<group>"; };
		B014724D1E56965A00886A84 /* DYRouterCondition.m */ = {isa = PBXFileReference; fileEncoding = 4; lastKnownFileType = sourcecode.c.objc; path = DYRouterCondition.m; sourceTree = "<group>"; };
		B01472501E56BD9300886A84 /* UIViewController+Router.h */ = {isa = PBXFileReference; fileEncoding = 4; lastKnownFileType = sourcecode.c.h; path = "UIViewController+Router.h"; sourceTree = "<group>"; };
		B01472511E56BD9300886A84 /* UIViewController+Router.m */ = {isa = PBXFileReference; fileEncoding = 4; lastKnownFileType = sourcecode.c.objc; path = "UIViewController+Router.m"; sourceTree = "<group>"; };
		B02739071E6E98AF00D572BD /* DYCacheManager.h */ = {isa = PBXFileReference; fileEncoding = 4; lastKnownFileType = sourcecode.c.h; path = DYCacheManager.h; sourceTree = "<group>"; };
		B02739081E6E98AF00D572BD /* DYCacheManager.m */ = {isa = PBXFileReference; fileEncoding = 4; lastKnownFileType = sourcecode.c.objc; path = DYCacheManager.m; sourceTree = "<group>"; };
		B047E3391E6CF7D8003C9A09 /* DYHTTPManager.h */ = {isa = PBXFileReference; fileEncoding = 4; lastKnownFileType = sourcecode.c.h; path = DYHTTPManager.h; sourceTree = "<group>"; };
		B047E33A1E6CF7D8003C9A09 /* DYHTTPManager.m */ = {isa = PBXFileReference; fileEncoding = 4; lastKnownFileType = sourcecode.c.objc; path = DYHTTPManager.m; sourceTree = "<group>"; };
		B047E3411E6CF811003C9A09 /* DYHTTPRequest.h */ = {isa = PBXFileReference; fileEncoding = 4; lastKnownFileType = sourcecode.c.h; path = DYHTTPRequest.h; sourceTree = "<group>"; };
		B047E3421E6CF811003C9A09 /* DYHTTPRequest.m */ = {isa = PBXFileReference; fileEncoding = 4; lastKnownFileType = sourcecode.c.objc; path = DYHTTPRequest.m; sourceTree = "<group>"; };
		B047E3451E6CF823003C9A09 /* DYHTTPResponse.h */ = {isa = PBXFileReference; fileEncoding = 4; lastKnownFileType = sourcecode.c.h; path = DYHTTPResponse.h; sourceTree = "<group>"; };
		B047E3461E6CF823003C9A09 /* DYHTTPResponse.m */ = {isa = PBXFileReference; fileEncoding = 4; lastKnownFileType = sourcecode.c.objc; path = DYHTTPResponse.m; sourceTree = "<group>"; };
		B047E3491E6CF839003C9A09 /* DYHTTPError.h */ = {isa = PBXFileReference; fileEncoding = 4; lastKnownFileType = sourcecode.c.h; path = DYHTTPError.h; sourceTree = "<group>"; };
		B047E34A1E6CF839003C9A09 /* DYHTTPError.m */ = {isa = PBXFileReference; fileEncoding = 4; lastKnownFileType = sourcecode.c.objc; path = DYHTTPError.m; sourceTree = "<group>"; };
		B047E34D1E6CF864003C9A09 /* DYHeartBeat.h */ = {isa = PBXFileReference; fileEncoding = 4; lastKnownFileType = sourcecode.c.h; path = DYHeartBeat.h; sourceTree = "<group>"; };
		B047E34E1E6CF864003C9A09 /* DYHeartBeat.m */ = {isa = PBXFileReference; fileEncoding = 4; lastKnownFileType = sourcecode.c.objc; path = DYHeartBeat.m; sourceTree = "<group>"; };
		B047E3511E6CF87C003C9A09 /* DYSocketManager.h */ = {isa = PBXFileReference; fileEncoding = 4; lastKnownFileType = sourcecode.c.h; path = DYSocketManager.h; sourceTree = "<group>"; };
		B047E3521E6CF87C003C9A09 /* DYSocketManager.m */ = {isa = PBXFileReference; fileEncoding = 4; lastKnownFileType = sourcecode.c.objc; path = DYSocketManager.m; sourceTree = "<group>"; };
		B047E3551E6CF8A2003C9A09 /* DYBackgroundTask.h */ = {isa = PBXFileReference; fileEncoding = 4; lastKnownFileType = sourcecode.c.h; path = DYBackgroundTask.h; sourceTree = "<group>"; };
		B047E3561E6CF8A2003C9A09 /* DYBackgroundTask.m */ = {isa = PBXFileReference; fileEncoding = 4; lastKnownFileType = sourcecode.c.objc; path = DYBackgroundTask.m; sourceTree = "<group>"; };
		B0CCA4011E6D322300150E7D /* DYBaseAlert.h */ = {isa = PBXFileReference; fileEncoding = 4; lastKnownFileType = sourcecode.c.h; path = DYBaseAlert.h; sourceTree = "<group>"; };
		B0CCA4021E6D322300150E7D /* DYBaseAlert.m */ = {isa = PBXFileReference; fileEncoding = 4; lastKnownFileType = sourcecode.c.objc; path = DYBaseAlert.m; sourceTree = "<group>"; };
		B0CCA4051E6D36B000150E7D /* DYBaseDialog.h */ = {isa = PBXFileReference; fileEncoding = 4; lastKnownFileType = sourcecode.c.h; path = DYBaseDialog.h; sourceTree = "<group>"; };
		B0CCA4061E6D36B000150E7D /* DYBaseDialog.m */ = {isa = PBXFileReference; fileEncoding = 4; lastKnownFileType = sourcecode.c.objc; path = DYBaseDialog.m; sourceTree = "<group>"; };
		B0E90A601E556B64003BD157 /* BookwormFramework.framework */ = {isa = PBXFileReference; explicitFileType = wrapper.framework; includeInIndex = 0; path = BookwormFramework.framework; sourceTree = BUILT_PRODUCTS_DIR; };
		B0E90A631E556B64003BD157 /* BookwormFramework.h */ = {isa = PBXFileReference; lastKnownFileType = sourcecode.c.h; path = BookwormFramework.h; sourceTree = "<group>"; };
		B0E90A641E556B64003BD157 /* Info.plist */ = {isa = PBXFileReference; lastKnownFileType = text.plist.xml; path = Info.plist; sourceTree = "<group>"; };
		B0E90A8C1E55888C003BD157 /* YGColorDefine.h */ = {isa = PBXFileReference; lastKnownFileType = sourcecode.c.h; path = YGColorDefine.h; sourceTree = "<group>"; };
		B0E90A8D1E5588F8003BD157 /* YGSystemDefine.h */ = {isa = PBXFileReference; lastKnownFileType = sourcecode.c.h; path = YGSystemDefine.h; sourceTree = "<group>"; };
		B0E90A8E1E5589CC003BD157 /* YGUIKitDefine.h */ = {isa = PBXFileReference; lastKnownFileType = sourcecode.c.h; path = YGUIKitDefine.h; sourceTree = "<group>"; };
		B0E90A8F1E558B8E003BD157 /* YGPatchManager.h */ = {isa = PBXFileReference; fileEncoding = 4; lastKnownFileType = sourcecode.c.h; path = YGPatchManager.h; sourceTree = "<group>"; };
		B0E90A901E558B8E003BD157 /* YGPatchManager.m */ = {isa = PBXFileReference; fileEncoding = 4; lastKnownFileType = sourcecode.c.objc; path = YGPatchManager.m; sourceTree = "<group>"; };
		B0E90A931E558CB7003BD157 /* YGBaseVC.h */ = {isa = PBXFileReference; fileEncoding = 4; lastKnownFileType = sourcecode.c.h; path = YGBaseVC.h; sourceTree = "<group>"; };
		B0E90A941E558CB7003BD157 /* YGBaseVC.m */ = {isa = PBXFileReference; fileEncoding = 4; lastKnownFileType = sourcecode.c.objc; path = YGBaseVC.m; sourceTree = "<group>"; };
		B0E90A971E558CD6003BD157 /* YGBaseNaVC.h */ = {isa = PBXFileReference; fileEncoding = 4; lastKnownFileType = sourcecode.c.h; path = YGBaseNaVC.h; sourceTree = "<group>"; };
		B0E90A981E558CD6003BD157 /* YGBaseNaVC.m */ = {isa = PBXFileReference; fileEncoding = 4; lastKnownFileType = sourcecode.c.objc; path = YGBaseNaVC.m; sourceTree = "<group>"; };
		B83158F1A5CFCB66A342C799 /* Pods-BookwormFramework.debug.xcconfig */ = {isa = PBXFileReference; includeInIndex = 1; lastKnownFileType = text.xcconfig; name = "Pods-BookwormFramework.debug.xcconfig"; path = "../Pods/Target Support Files/Pods-BookwormFramework/Pods-BookwormFramework.debug.xcconfig"; sourceTree = "<group>"; };
/* End PBXFileReference section */

/* Begin PBXFrameworksBuildPhase section */
		B0E90A5C1E556B64003BD157 /* Frameworks */ = {
			isa = PBXFrameworksBuildPhase;
			buildActionMask = 2147483647;
			files = (
				BBDB15957D045E4EBB108994 /* libPods-BookwormFramework.a in Frameworks */,
			);
			runOnlyForDeploymentPostprocessing = 0;
		};
/* End PBXFrameworksBuildPhase section */

/* Begin PBXGroup section */
		8AD783D89AE913FBA73579ED /* Frameworks */ = {
			isa = PBXGroup;
			children = (
				7B43CEF6646B97554EECA154 /* libPods-BookwormFramework.a */,
			);
			name = Frameworks;
			sourceTree = "<group>";
		};
		B0E90A561E556B64003BD157 = {
			isa = PBXGroup;
			children = (
				B0E90A621E556B64003BD157 /* BookwormFramework */,
				B0E90A611E556B64003BD157 /* Products */,
				D714DC6A40F2E0139789C27A /* Pods */,
				8AD783D89AE913FBA73579ED /* Frameworks */,
			);
			sourceTree = "<group>";
		};
		B0E90A611E556B64003BD157 /* Products */ = {
			isa = PBXGroup;
			children = (
				B0E90A601E556B64003BD157 /* BookwormFramework.framework */,
			);
			name = Products;
			sourceTree = "<group>";
		};
		B0E90A621E556B64003BD157 /* BookwormFramework */ = {
			isa = PBXGroup;
			children = (
				B0E90A801E55885C003BD157 /* 统计 */,
				B0E90A811E55885C003BD157 /* 错误报告 */,
				B0E90A821E55885C003BD157 /* 热修复 */,
				B0E90A831E55885C003BD157 /* 宏 */,
				B0E90A871E55885C003BD157 /* 增量更新 */,
				B0E90A8A1E55885C003BD157 /* Network */,
				B0E90A891E55885C003BD157 /* Cache */,
				B0E90A841E55885C003BD157 /* Tools */,
				B0E90A851E55885C003BD157 /* BaseClass */,
				B0E90A861E55885C003BD157 /* thirdParty */,
				B0E90A881E55885C003BD157 /* Router */,
				B0E90A8B1E55885C003BD157 /* Category */,
				B0E90A631E556B64003BD157 /* BookwormFramework.h */,
				B0E90A641E556B64003BD157 /* Info.plist */,
			);
			path = BookwormFramework;
			sourceTree = "<group>";
		};
		B0E90A801E55885C003BD157 /* 统计 */ = {
			isa = PBXGroup;
			children = (
			);
			path = "统计";
			sourceTree = "<group>";
		};
		B0E90A811E55885C003BD157 /* 错误报告 */ = {
			isa = PBXGroup;
			children = (
			);
			path = "错误报告";
			sourceTree = "<group>";
		};
		B0E90A821E55885C003BD157 /* 热修复 */ = {
			isa = PBXGroup;
			children = (
				B0E90A8F1E558B8E003BD157 /* YGPatchManager.h */,
				B0E90A901E558B8E003BD157 /* YGPatchManager.m */,
			);
			path = "热修复";
			sourceTree = "<group>";
		};
		B0E90A831E55885C003BD157 /* 宏 */ = {
			isa = PBXGroup;
			children = (
				B0E90A8C1E55888C003BD157 /* YGColorDefine.h */,
				B0E90A8D1E5588F8003BD157 /* YGSystemDefine.h */,
				B0E90A8E1E5589CC003BD157 /* YGUIKitDefine.h */,
			);
			path = "宏";
			sourceTree = "<group>";
		};
		B0E90A841E55885C003BD157 /* Tools */ = {
			isa = PBXGroup;
			children = (
			);
			path = Tools;
			sourceTree = "<group>";
		};
		B0E90A851E55885C003BD157 /* BaseClass */ = {
			isa = PBXGroup;
			children = (
				B0E90A931E558CB7003BD157 /* YGBaseVC.h */,
				B0E90A941E558CB7003BD157 /* YGBaseVC.m */,
				B0E90A971E558CD6003BD157 /* YGBaseNaVC.h */,
				B0E90A981E558CD6003BD157 /* YGBaseNaVC.m */,
				B0CCA4011E6D322300150E7D /* DYBaseAlert.h */,
				B0CCA4021E6D322300150E7D /* DYBaseAlert.m */,
				B0CCA4051E6D36B000150E7D /* DYBaseDialog.h */,
				B0CCA4061E6D36B000150E7D /* DYBaseDialog.m */,
			);
			path = BaseClass;
			sourceTree = "<group>";
		};
		B0E90A861E55885C003BD157 /* thirdParty */ = {
			isa = PBXGroup;
			children = (
			);
			path = thirdParty;
			sourceTree = "<group>";
		};
		B0E90A871E55885C003BD157 /* 增量更新 */ = {
			isa = PBXGroup;
			children = (
			);
			path = "增量更新";
			sourceTree = "<group>";
		};
		B0E90A881E55885C003BD157 /* Router */ = {
			isa = PBXGroup;
			children = (
				B01472481E56947800886A84 /* DYRouter.h */,
				B01472491E56947800886A84 /* DYRouter.m */,
				B014724C1E56965A00886A84 /* DYRouterCondition.h */,
				B014724D1E56965A00886A84 /* DYRouterCondition.m */,
				B01472501E56BD9300886A84 /* UIViewController+Router.h */,
				B01472511E56BD9300886A84 /* UIViewController+Router.m */,
			);
			path = Router;
			sourceTree = "<group>";
		};
		B0E90A891E55885C003BD157 /* Cache */ = {
			isa = PBXGroup;
			children = (
				B02739071E6E98AF00D572BD /* DYCacheManager.h */,
				B02739081E6E98AF00D572BD /* DYCacheManager.m */,
			);
			path = Cache;
			sourceTree = "<group>";
		};
		B0E90A8A1E55885C003BD157 /* Network */ = {
			isa = PBXGroup;
			children = (
				B047E3391E6CF7D8003C9A09 /* DYHTTPManager.h */,
				B047E33A1E6CF7D8003C9A09 /* DYHTTPManager.m */,
				B047E3411E6CF811003C9A09 /* DYHTTPRequest.h */,
				B047E3421E6CF811003C9A09 /* DYHTTPRequest.m */,
				B047E3451E6CF823003C9A09 /* DYHTTPResponse.h */,
				B047E3461E6CF823003C9A09 /* DYHTTPResponse.m */,
				B047E3491E6CF839003C9A09 /* DYHTTPError.h */,
				B047E34A1E6CF839003C9A09 /* DYHTTPError.m */,
				B047E34D1E6CF864003C9A09 /* DYHeartBeat.h */,
				B047E34E1E6CF864003C9A09 /* DYHeartBeat.m */,
				B047E3511E6CF87C003C9A09 /* DYSocketManager.h */,
				B047E3521E6CF87C003C9A09 /* DYSocketManager.m */,
				B047E3551E6CF8A2003C9A09 /* DYBackgroundTask.h */,
				B047E3561E6CF8A2003C9A09 /* DYBackgroundTask.m */,
			);
			path = Network;
			sourceTree = "<group>";
		};
		B0E90A8B1E55885C003BD157 /* Category */ = {
			isa = PBXGroup;
			children = (
			);
			path = Category;
			sourceTree = "<group>";
		};
		D714DC6A40F2E0139789C27A /* Pods */ = {
			isa = PBXGroup;
			children = (
				B83158F1A5CFCB66A342C799 /* Pods-BookwormFramework.debug.xcconfig */,
				A79BF8D8185185C5EE6FEA3D /* Pods-BookwormFramework.release.xcconfig */,
			);
			name = Pods;
			sourceTree = "<group>";
		};
/* End PBXGroup section */

/* Begin PBXHeadersBuildPhase section */
		B0E90A5D1E556B64003BD157 /* Headers */ = {
			isa = PBXHeadersBuildPhase;
			buildActionMask = 2147483647;
			files = (
				B047E34F1E6CF864003C9A09 /* DYHeartBeat.h in Headers */,
				B0E90A951E558CB7003BD157 /* YGBaseVC.h in Headers */,
				B0E90A991E558CD6003BD157 /* YGBaseNaVC.h in Headers */,
				B047E3471E6CF823003C9A09 /* DYHTTPResponse.h in Headers */,
				B0E90A651E556B64003BD157 /* BookwormFramework.h in Headers */,
				B0E90A911E558B8E003BD157 /* YGPatchManager.h in Headers */,
				B047E3431E6CF811003C9A09 /* DYHTTPRequest.h in Headers */,
				B01472521E56BD9300886A84 /* UIViewController+Router.h in Headers */,
				B047E3571E6CF8A2003C9A09 /* DYBackgroundTask.h in Headers */,
				B0CCA4031E6D322300150E7D /* DYBaseAlert.h in Headers */,
				B047E3531E6CF87C003C9A09 /* DYSocketManager.h in Headers */,
				B047E33B1E6CF7D8003C9A09 /* DYHTTPManager.h in Headers */,
				B0CCA4071E6D36B000150E7D /* DYBaseDialog.h in Headers */,
				B02739091E6E98AF00D572BD /* DYCacheManager.h in Headers */,
				B047E34B1E6CF839003C9A09 /* DYHTTPError.h in Headers */,
				B014724E1E56965A00886A84 /* DYRouterCondition.h in Headers */,
				B014724A1E56947800886A84 /* DYRouter.h in Headers */,
			);
			runOnlyForDeploymentPostprocessing = 0;
		};
/* End PBXHeadersBuildPhase section */

/* Begin PBXNativeTarget section */
		B0E90A5F1E556B64003BD157 /* BookwormFramework */ = {
			isa = PBXNativeTarget;
			buildConfigurationList = B0E90A681E556B64003BD157 /* Build configuration list for PBXNativeTarget "BookwormFramework" */;
			buildPhases = (
				33ED468992307C098E2994BF /* [CP] Check Pods Manifest.lock */,
				B0E90A5B1E556B64003BD157 /* Sources */,
				B0E90A5C1E556B64003BD157 /* Frameworks */,
				B0E90A5D1E556B64003BD157 /* Headers */,
				B0E90A5E1E556B64003BD157 /* Resources */,
				FCA81B525AE26762D369ADD2 /* [CP] Copy Pods Resources */,
			);
			buildRules = (
			);
			dependencies = (
			);
			name = BookwormFramework;
			productName = BookwormFramework;
			productReference = B0E90A601E556B64003BD157 /* BookwormFramework.framework */;
			productType = "com.apple.product-type.framework";
		};
/* End PBXNativeTarget section */

/* Begin PBXProject section */
		B0E90A571E556B64003BD157 /* Project object */ = {
			isa = PBXProject;
			attributes = {
				LastUpgradeCheck = 0820;
				ORGANIZATIONNAME = "黄德玉";
				TargetAttributes = {
					B0E90A5F1E556B64003BD157 = {
						CreatedOnToolsVersion = 8.2.1;
						ProvisioningStyle = Automatic;
					};
				};
			};
			buildConfigurationList = B0E90A5A1E556B64003BD157 /* Build configuration list for PBXProject "BookwormFramework" */;
			compatibilityVersion = "Xcode 3.2";
			developmentRegion = English;
			hasScannedForEncodings = 0;
			knownRegions = (
				en,
			);
			mainGroup = B0E90A561E556B64003BD157;
			productRefGroup = B0E90A611E556B64003BD157 /* Products */;
			projectDirPath = "";
			projectRoot = "";
			targets = (
				B0E90A5F1E556B64003BD157 /* BookwormFramework */,
			);
		};
/* End PBXProject section */

/* Begin PBXResourcesBuildPhase section */
		B0E90A5E1E556B64003BD157 /* Resources */ = {
			isa = PBXResourcesBuildPhase;
			buildActionMask = 2147483647;
			files = (
			);
			runOnlyForDeploymentPostprocessing = 0;
		};
/* End PBXResourcesBuildPhase section */

/* Begin PBXShellScriptBuildPhase section */
		33ED468992307C098E2994BF /* [CP] Check Pods Manifest.lock */ = {
			isa = PBXShellScriptBuildPhase;
			buildActionMask = 2147483647;
			files = (
			);
			inputPaths = (
			);
			name = "[CP] Check Pods Manifest.lock";
			outputPaths = (
			);
			runOnlyForDeploymentPostprocessing = 0;
			shellPath = /bin/sh;
			shellScript = "diff \"${PODS_ROOT}/../Podfile.lock\" \"${PODS_ROOT}/Manifest.lock\" > /dev/null\nif [ $? != 0 ] ; then\n    # print error to STDERR\n    echo \"error: The sandbox is not in sync with the Podfile.lock. Run 'pod install' or update your CocoaPods installation.\" >&2\n    exit 1\nfi\n";
			showEnvVarsInLog = 0;
		};
		FCA81B525AE26762D369ADD2 /* [CP] Copy Pods Resources */ = {
			isa = PBXShellScriptBuildPhase;
			buildActionMask = 2147483647;
			files = (
			);
			inputPaths = (
			);
			name = "[CP] Copy Pods Resources";
			outputPaths = (
			);
			runOnlyForDeploymentPostprocessing = 0;
			shellPath = /bin/sh;
			shellScript = "\"${SRCROOT}/../Pods/Target Support Files/Pods-BookwormFramework/Pods-BookwormFramework-resources.sh\"\n";
			showEnvVarsInLog = 0;
		};
/* End PBXShellScriptBuildPhase section */

/* Begin PBXSourcesBuildPhase section */
		B0E90A5B1E556B64003BD157 /* Sources */ = {
			isa = PBXSourcesBuildPhase;
			buildActionMask = 2147483647;
			files = (
				B0CCA4081E6D36B000150E7D /* DYBaseDialog.m in Sources */,
				B047E3441E6CF811003C9A09 /* DYHTTPRequest.m in Sources */,
				B047E3481E6CF823003C9A09 /* DYHTTPResponse.m in Sources */,
				B047E3501E6CF864003C9A09 /* DYHeartBeat.m in Sources */,
				B0E90A921E558B8E003BD157 /* YGPatchManager.m in Sources */,
				B047E34C1E6CF839003C9A09 /* DYHTTPError.m in Sources */,
				B047E3581E6CF8A2003C9A09 /* DYBackgroundTask.m in Sources */,
				B027390A1E6E98AF00D572BD /* DYCacheManager.m in Sources */,
				B047E3541E6CF87C003C9A09 /* DYSocketManager.m in Sources */,
				B014724F1E56965A00886A84 /* DYRouterCondition.m in Sources */,
				B0CCA4041E6D322300150E7D /* DYBaseAlert.m in Sources */,
				B047E33C1E6CF7D8003C9A09 /* DYHTTPManager.m in Sources */,
				B0E90A961E558CB7003BD157 /* YGBaseVC.m in Sources */,
				B01472531E56BD9300886A84 /* UIViewController+Router.m in Sources */,
				B0E90A9A1E558CD6003BD157 /* YGBaseNaVC.m in Sources */,
				B014724B1E56947800886A84 /* DYRouter.m in Sources */,
			);
			runOnlyForDeploymentPostprocessing = 0;
		};
/* End PBXSourcesBuildPhase section */

/* Begin XCBuildConfiguration section */
		B0E90A661E556B64003BD157 /* Debug */ = {
			isa = XCBuildConfiguration;
			buildSettings = {
				ALWAYS_SEARCH_USER_PATHS = NO;
				CLANG_ANALYZER_NONNULL = YES;
				CLANG_CXX_LANGUAGE_STANDARD = "gnu++0x";
				CLANG_CXX_LIBRARY = "libc++";
				CLANG_ENABLE_MODULES = YES;
				CLANG_ENABLE_OBJC_ARC = YES;
				CLANG_WARN_BOOL_CONVERSION = YES;
				CLANG_WARN_CONSTANT_CONVERSION = YES;
				CLANG_WARN_DIRECT_OBJC_ISA_USAGE = YES_ERROR;
				CLANG_WARN_DOCUMENTATION_COMMENTS = YES;
				CLANG_WARN_EMPTY_BODY = YES;
				CLANG_WARN_ENUM_CONVERSION = YES;
				CLANG_WARN_INFINITE_RECURSION = YES;
				CLANG_WARN_INT_CONVERSION = YES;
				CLANG_WARN_OBJC_ROOT_CLASS = YES_ERROR;
				CLANG_WARN_SUSPICIOUS_MOVE = YES;
				CLANG_WARN_UNREACHABLE_CODE = YES;
				CLANG_WARN__DUPLICATE_METHOD_MATCH = YES;
				"CODE_SIGN_IDENTITY[sdk=iphoneos*]" = "iPhone Developer";
				COPY_PHASE_STRIP = NO;
				CURRENT_PROJECT_VERSION = 1;
				DEBUG_INFORMATION_FORMAT = dwarf;
				ENABLE_STRICT_OBJC_MSGSEND = YES;
				ENABLE_TESTABILITY = YES;
				GCC_C_LANGUAGE_STANDARD = gnu99;
				GCC_DYNAMIC_NO_PIC = NO;
				GCC_NO_COMMON_BLOCKS = YES;
				GCC_OPTIMIZATION_LEVEL = 0;
				GCC_PREPROCESSOR_DEFINITIONS = (
					"DEBUG=1",
					"$(inherited)",
				);
				GCC_WARN_64_TO_32_BIT_CONVERSION = YES;
				GCC_WARN_ABOUT_RETURN_TYPE = YES_ERROR;
				GCC_WARN_UNDECLARED_SELECTOR = YES;
				GCC_WARN_UNINITIALIZED_AUTOS = YES_AGGRESSIVE;
				GCC_WARN_UNUSED_FUNCTION = YES;
				GCC_WARN_UNUSED_VARIABLE = YES;
				IPHONEOS_DEPLOYMENT_TARGET = 10.2;
				MTL_ENABLE_DEBUG_INFO = YES;
				ONLY_ACTIVE_ARCH = YES;
				SDKROOT = iphoneos;
				TARGETED_DEVICE_FAMILY = "1,2";
				VERSIONING_SYSTEM = "apple-generic";
				VERSION_INFO_PREFIX = "";
			};
			name = Debug;
		};
		B0E90A671E556B64003BD157 /* Release */ = {
			isa = XCBuildConfiguration;
			buildSettings = {
				ALWAYS_SEARCH_USER_PATHS = NO;
				CLANG_ANALYZER_NONNULL = YES;
				CLANG_CXX_LANGUAGE_STANDARD = "gnu++0x";
				CLANG_CXX_LIBRARY = "libc++";
				CLANG_ENABLE_MODULES = YES;
				CLANG_ENABLE_OBJC_ARC = YES;
				CLANG_WARN_BOOL_CONVERSION = YES;
				CLANG_WARN_CONSTANT_CONVERSION = YES;
				CLANG_WARN_DIRECT_OBJC_ISA_USAGE = YES_ERROR;
				CLANG_WARN_DOCUMENTATION_COMMENTS = YES;
				CLANG_WARN_EMPTY_BODY = YES;
				CLANG_WARN_ENUM_CONVERSION = YES;
				CLANG_WARN_INFINITE_RECURSION = YES;
				CLANG_WARN_INT_CONVERSION = YES;
				CLANG_WARN_OBJC_ROOT_CLASS = YES_ERROR;
				CLANG_WARN_SUSPICIOUS_MOVE = YES;
				CLANG_WARN_UNREACHABLE_CODE = YES;
				CLANG_WARN__DUPLICATE_METHOD_MATCH = YES;
				"CODE_SIGN_IDENTITY[sdk=iphoneos*]" = "iPhone Developer";
				COPY_PHASE_STRIP = NO;
				CURRENT_PROJECT_VERSION = 1;
				DEBUG_INFORMATION_FORMAT = "dwarf-with-dsym";
				ENABLE_NS_ASSERTIONS = NO;
				ENABLE_STRICT_OBJC_MSGSEND = YES;
				GCC_C_LANGUAGE_STANDARD = gnu99;
				GCC_NO_COMMON_BLOCKS = YES;
				GCC_WARN_64_TO_32_BIT_CONVERSION = YES;
				GCC_WARN_ABOUT_RETURN_TYPE = YES_ERROR;
				GCC_WARN_UNDECLARED_SELECTOR = YES;
				GCC_WARN_UNINITIALIZED_AUTOS = YES_AGGRESSIVE;
				GCC_WARN_UNUSED_FUNCTION = YES;
				GCC_WARN_UNUSED_VARIABLE = YES;
				IPHONEOS_DEPLOYMENT_TARGET = 10.2;
				MTL_ENABLE_DEBUG_INFO = NO;
				SDKROOT = iphoneos;
				TARGETED_DEVICE_FAMILY = "1,2";
				VALIDATE_PRODUCT = YES;
				VERSIONING_SYSTEM = "apple-generic";
				VERSION_INFO_PREFIX = "";
			};
			name = Release;
		};
		B0E90A691E556B64003BD157 /* Debug */ = {
			isa = XCBuildConfiguration;
			baseConfigurationReference = B83158F1A5CFCB66A342C799 /* Pods-BookwormFramework.debug.xcconfig */;
			buildSettings = {
				CODE_SIGN_IDENTITY = "";
				DEFINES_MODULE = YES;
				DYLIB_COMPATIBILITY_VERSION = 1;
				DYLIB_CURRENT_VERSION = 1;
				DYLIB_INSTALL_NAME_BASE = "@rpath";
				INFOPLIST_FILE = BookwormFramework/Info.plist;
				INSTALL_PATH = "$(LOCAL_LIBRARY_DIR)/Frameworks";
				LD_RUNPATH_SEARCH_PATHS = "$(inherited) @executable_path/Frameworks @loader_path/Frameworks";
				PRODUCT_BUNDLE_IDENTIFIER = com.yiguo.BookwormFramework;
				PRODUCT_NAME = "$(TARGET_NAME)";
				SKIP_INSTALL = YES;
			};
			name = Debug;
		};
		B0E90A6A1E556B64003BD157 /* Release */ = {
			isa = XCBuildConfiguration;
			baseConfigurationReference = A79BF8D8185185C5EE6FEA3D /* Pods-BookwormFramework.release.xcconfig */;
			buildSettings = {
				CODE_SIGN_IDENTITY = "";
				DEFINES_MODULE = YES;
				DYLIB_COMPATIBILITY_VERSION = 1;
				DYLIB_CURRENT_VERSION = 1;
				DYLIB_INSTALL_NAME_BASE = "@rpath";
				INFOPLIST_FILE = BookwormFramework/Info.plist;
				INSTALL_PATH = "$(LOCAL_LIBRARY_DIR)/Frameworks";
				LD_RUNPATH_SEARCH_PATHS = "$(inherited) @executable_path/Frameworks @loader_path/Frameworks";
				PRODUCT_BUNDLE_IDENTIFIER = com.yiguo.BookwormFramework;
				PRODUCT_NAME = "$(TARGET_NAME)";
				SKIP_INSTALL = YES;
			};
			name = Release;
		};
/* End XCBuildConfiguration section */

/* Begin XCConfigurationList section */
		B0E90A5A1E556B64003BD157 /* Build configuration list for PBXProject "BookwormFramework" */ = {
			isa = XCConfigurationList;
			buildConfigurations = (
				B0E90A661E556B64003BD157 /* Debug */,
				B0E90A671E556B64003BD157 /* Release */,
			);
			defaultConfigurationIsVisible = 0;
			defaultConfigurationName = Release;
		};
		B0E90A681E556B64003BD157 /* Build configuration list for PBXNativeTarget "BookwormFramework" */ = {
			isa = XCConfigurationList;
			buildConfigurations = (
				B0E90A691E556B64003BD157 /* Debug */,
				B0E90A6A1E556B64003BD157 /* Release */,
			);
			defaultConfigurationIsVisible = 0;
			defaultConfigurationName = Release;
		};
/* End XCConfigurationList section */
	};
	rootObject = B0E90A571E556B64003BD157 /* Project object */;
}
